
Microsoft Visual Studio Solution File, Format Version 12.00
# Visual Studio 15
VisualStudioVersion = 15.0.28010.2050
MinimumVisualStudioVersion = 10.0.40219.1
Project("{FAE04EC0-301F-11D3-BF4B-00C04F79EFBC}") = "EcoFarm_SQL_Lab2", "EcoFarm_SQL_Lab2\EcoFarm_SQL_Lab2.csproj", "{8F819C11-9CB7-4E16-8E41-8B277D6169CF}"
EndProject
Global
	GlobalSection(SolutionConfigurationPlatforms) = preSolution
		Debug|Any CPU = Debug|Any CPU
		Release|Any CPU = Release|Any CPU
	EndGlobalSection
	GlobalSection(ProjectConfigurationPlatforms) = postSolution
		{8F819C11-9CB7-4E16-8E41-8B277D6169CF}.Debug|Any CPU.ActiveCfg = Debug|Any CPU
		{8F819C11-9CB7-4E16-8E41-8B277D6169CF}.Debug|Any CPU.Build.0 = Debug|Any CPU
		{8F819C11-9CB7-4E16-8E41-8B277D6169CF}.Release|Any CPU.ActiveCfg = Release|Any CPU
		{8F819C11-9CB7-4E16-8E41-8B277D6169CF}.Release|Any CPU.Build.0 = Release|Any CPU
	EndGlobalSection
	GlobalSection(SolutionProperties) = preSolution
		HideSolutionNode = FALSE
	EndGlobalSection
	GlobalSection(ExtensibilityGlobals) = postSolution
		SolutionGuid = {C4474495-4574-411F-807E-6E2D9DA8F241}
	EndGlobalSection
EndGlobal
